{
  "version": 4,
  "terraform_version": "1.12.1",
  "serial": 54,
  "lineage": "19861386-0b7e-8fcd-1b66-616f3a12172c",
  "outputs": {
    "artifacts_bucket": {
      "value": "avid-sunset-435316-a6-placement-cluster-artifacts",
      "type": "string"
    },
    "cluster_ca_certificate": {
      "value": "LS0tLS1CRUdJTiBDRVJUSUZJQ0FURS0tLS0tCk1JSUVMVENDQXBXZ0F3SUJBZ0lSQUphSHhrblRsMUYxRjBobGlpdlIybmt3RFFZSktvWklodmNOQVFFTEJRQXcKTHpFdE1Dc0dBMVVFQXhNa1pUTmxZVEE1TkRVdE1URmlZaTAwWW1KaExXSmhaV1F0TlRBd09UUTFNbUUzTTJVMwpNQ0FYRFRJMU1EWXdNVEV4TWpjeU1Wb1lEekl3TlRVd05USTFNVEl5TnpJeFdqQXZNUzB3S3dZRFZRUURFeVJsCk0yVmhNRGswTlMweE1XSmlMVFJpWW1FdFltRmxaQzAxTURBNU5EVXlZVGN6WlRjd2dnR2lNQTBHQ1NxR1NJYjMKRFFFQkFRVUFBNElCandBd2dnR0tBb0lCZ1FDa0NvRm5vU0NFU05yR1lyZll0Y3NaUVgxUjc5ZFRvV2RWcnZtTgphRlh0M0ppOEkvVk5oWDZrU1dJaWFndng1Q014UTZWOTQ5UmpnQUZRRFNDOWFhbGtHQTJ4VVRmTXZLblBmTG0yCjJlc1RET0R0WnBvdTRUdjFFd2cyOHBPa0dPWmp1TytHKy9aNFhRa3VzM21BNHVQTXBKTVNvTmQrMWxpdTVCN3cKc1dQWWNyQU5jMUlNTjFFd2ZXaWlNeXV2MW1DdGpWaVdpeEJwMHNKc3ErdTVBZmNXVG1GWEVhT0lHcGp5d3FNagpoNzFsaC9Id1c5THZXdFM3NTRCKzNQWnlGSlY0UVQzTmwrUzYwRXUrcVRoM256WWtiaWxRSTlpV2wxZFo1L21uCjhTNDZ0Z0FZWXdyTWNXSVdxeTBkYmVYcTdib1dpTUZaR0wxOTdyN200TUdrRTZKSW52b095TzF3THY5bHd4ejkKc1NQUlFsSU1pN0FCSi83ZVRxb3NtQzMxYitUVS9FbzdaVnNBbmt0VTVpZVlpYXNBTzIyVjIvVk9UTi9jVzJLQgp3a0NnbTYwN3UxK29YY08zMXp4b2NMcDFZc1Y5REhJNjFoamFhYnVFSjRDeVNqQ1JBaXRaOXhkVTlGMzJEVEJYCmVyNXdJOS9XQ3NFTm9GQWxKWUZ4UWxSdGZIOENBd0VBQWFOQ01FQXdEZ1lEVlIwUEFRSC9CQVFEQWdJRU1BOEcKQTFVZEV3RUIvd1FGTUFNQkFmOHdIUVlEVlIwT0JCWUVGS3hETWxkZUxQVTlRWVQzMjNjM0Q5bFQzVWlWTUEwRwpDU3FHU0liM0RRRUJDd1VBQTRJQmdRQlhYNjUwYmdxTC9PZjlXUlNmM3pRT1QrR1dQUEpJTDFBQ2FFK3UvR2JGClhoSkFPY0V3em8zeFlNbXZHaTZCWS9oK2xvZGdKbmZsL0FxQXZxeTVjZWRteHBZRk9Sd3VHUkhRRHlyRUZ5M0YKT3EzcDdGZlFGTkNHQkNiMnhWNGFPSFc0UlRLb0JLS21BeEZPLzBvcm95NjlOekhHTWpaWmhKU0l2YytBeVdlSgpQSUlYRytRUVRaUitndkNRbVhxYm43Qk9kWnJLWWRhVFZMa09pOFJ2VlFBTVA1U0ZTUVNONUhtNTM3N0hzbEEvCkorQW1keVA3QkUxa21oa3JYQnVGM3dBaGhRUzZBOS82VGlNYit2QnRoSWVQeDZ5WVA2QlNLMzNtcDZoaTl4MmYKWXNqTEF1V0w5NDM0RXVvU3JOZFAvNVlvdDFaR2xwQUs3WTdoMTJiN1hTclF4cFJmU0dOMHhiSTVab2h6TVVSSQpzNktGNkwwbDZ3Q1RCTTl6N2hSWEJ6V3NQZ2hQTnF6eWZEMTNWL09CMTVSeFdJaVhjRzBpWHlONXFnajFNUlhvCkFEWHlhRlF2SFhFSmF0WW5qSGxVR014ZlhWQXBlRnNHMFpRdFB1cklBRndsbG1rOWVTd3pHeGlTNUZLMzJQQTUKbVJXZkVncEpLY2I2b3Q4WDk3TGNFWlE9Ci0tLS0tRU5EIENFUlRJRklDQVRFLS0tLS0K",
      "type": "string",
      "sensitive": true
    },
    "cluster_endpoint": {
      "value": "35.232.218.189",
      "type": "string",
      "sensitive": true
    },
    "cluster_name": {
      "value": "placement-portal-cluster",
      "type": "string"
    },
    "container_registry_url": {
      "value": "gcr.io/avid-sunset-435316-a6",
      "type": "string"
    },
    "database_connection_name": {
      "value": "avid-sunset-435316-a6:us-central1:placement-cluster-db",
      "type": "string"
    },
    "database_connection_string": {
      "value": "postgresql://placement:admin@:5432/placement_db",
      "type": "string",
      "sensitive": true
    },
    "database_ip": {
      "value": "10.77.0.4",
      "type": "string",
      "sensitive": true
    },
    "gke_cluster_endpoint": {
      "value": "35.232.218.189",
      "type": "string"
    },
    "gke_cluster_name": {
      "value": "placement-portal-cluster",
      "type": "string"
    },
    "jenkins_ip": {
      "value": "34.44.166.186",
      "type": "string"
    },
    "jenkins_url": {
      "value": "http://34.44.166.186:8080",
      "type": "string"
    },
    "load_balancer_ip": {
      "value": "34.36.219.30",
      "type": "string"
    },
    "sonarqube_ip": {
      "value": "35.225.234.133",
      "type": "string"
    },
    "sonarqube_url": {
      "value": "http://35.225.234.133:9000",
      "type": "string"
    },
    "static_ip": {
      "value": "34.36.219.30",
      "type": "string"
    }
  },
  "resources": [
    {
      "mode": "managed",
      "type": "google_compute_firewall",
      "name": "jenkins",
      "provider": "provider[\"registry.terraform.io/hashicorp/google\"]",
      "instances": [
        {
          "schema_version": 1,
          "attributes": {
            "allow": [
              {
                "ports": [
                  "8080",
                  "50000"
                ],
                "protocol": "tcp"
              }
            ],
            "creation_timestamp": "2025-06-01T04:40:29.314-07:00",
            "deny": [],
            "description": "",
            "destination_ranges": [],
            "direction": "INGRESS",
            "disabled": false,
            "enable_logging": null,
            "id": "projects/avid-sunset-435316-a6/global/firewalls/jenkins-firewall",
            "log_config": [],
            "name": "jenkins-firewall",
            "network": "https://www.googleapis.com/compute/v1/projects/avid-sunset-435316-a6/global/networks/avid-sunset-435316-a6-vpc",
            "priority": 1000,
            "project": "avid-sunset-435316-a6",
            "self_link": "https://www.googleapis.com/compute/v1/projects/avid-sunset-435316-a6/global/firewalls/jenkins-firewall",
            "source_ranges": [
              "0.0.0.0/0"
            ],
            "source_service_accounts": [],
            "source_tags": [],
            "target_service_accounts": [],
            "target_tags": [
              "jenkins"
            ],
            "timeouts": null
          },
          "sensitive_attributes": [],
          "identity_schema_version": 0,
          "private": "eyJlMmJmYjczMC1lY2FhLTExZTYtOGY4OC0zNDM2M2JjN2M0YzAiOnsiY3JlYXRlIjoxMjAwMDAwMDAwMDAwLCJkZWxldGUiOjEyMDAwMDAwMDAwMDAsInVwZGF0ZSI6MTIwMDAwMDAwMDAwMH0sInNjaGVtYV92ZXJzaW9uIjoiMSJ9",
          "dependencies": [
            "google_compute_network.vpc",
            "google_project_service.apis"
          ]
        }
      ]
    },
    {
      "mode": "managed",
      "type": "google_compute_firewall",
      "name": "sonarqube",
      "provider": "provider[\"registry.terraform.io/hashicorp/google\"]",
      "instances": [
        {
          "schema_version": 1,
          "attributes": {
            "allow": [
              {
                "ports": [
                  "9000"
                ],
                "protocol": "tcp"
              }
            ],
            "creation_timestamp": "2025-06-01T04:40:29.439-07:00",
            "deny": [],
            "description": "",
            "destination_ranges": [],
            "direction": "INGRESS",
            "disabled": false,
            "enable_logging": null,
            "id": "projects/avid-sunset-435316-a6/global/firewalls/sonarqube-firewall",
            "log_config": [],
            "name": "sonarqube-firewall",
            "network": "https://www.googleapis.com/compute/v1/projects/avid-sunset-435316-a6/global/networks/avid-sunset-435316-a6-vpc",
            "priority": 1000,
            "project": "avid-sunset-435316-a6",
            "self_link": "https://www.googleapis.com/compute/v1/projects/avid-sunset-435316-a6/global/firewalls/sonarqube-firewall",
            "source_ranges": [
              "0.0.0.0/0"
            ],
            "source_service_accounts": [],
            "source_tags": [],
            "target_service_accounts": [],
            "target_tags": [
              "sonarqube"
            ],
            "timeouts": null
          },
          "sensitive_attributes": [],
          "identity_schema_version": 0,
          "private": "eyJlMmJmYjczMC1lY2FhLTExZTYtOGY4OC0zNDM2M2JjN2M0YzAiOnsiY3JlYXRlIjoxMjAwMDAwMDAwMDAwLCJkZWxldGUiOjEyMDAwMDAwMDAwMDAsInVwZGF0ZSI6MTIwMDAwMDAwMDAwMH0sInNjaGVtYV92ZXJzaW9uIjoiMSJ9",
          "dependencies": [
            "google_compute_network.vpc",
            "google_project_service.apis"
          ]
        }
      ]
    },
    {
      "mode": "managed",
      "type": "google_compute_global_address",
      "name": "default",
      "provider": "provider[\"registry.terraform.io/hashicorp/google\"]",
      "instances": [
        {
          "schema_version": 0,
          "attributes": {
            "address": "34.36.219.30",
            "address_type": "EXTERNAL",
            "creation_timestamp": "2025-06-01T04:40:02.889-07:00",
            "description": "",
            "id": "projects/avid-sunset-435316-a6/global/addresses/placement-cluster-ip",
            "ip_version": "",
            "name": "placement-cluster-ip",
            "network": "",
            "prefix_length": 0,
            "project": "avid-sunset-435316-a6",
            "purpose": "",
            "self_link": "https://www.googleapis.com/compute/v1/projects/avid-sunset-435316-a6/global/addresses/placement-cluster-ip",
            "timeouts": null
          },
          "sensitive_attributes": [],
          "identity_schema_version": 0,
          "private": "eyJlMmJmYjczMC1lY2FhLTExZTYtOGY4OC0zNDM2M2JjN2M0YzAiOnsiY3JlYXRlIjoxMjAwMDAwMDAwMDAwLCJkZWxldGUiOjEyMDAwMDAwMDAwMDB9fQ=="
        }
      ]
    },
    {
      "mode": "managed",
      "type": "google_compute_global_address",
      "name": "private_ip_address",
      "provider": "provider[\"registry.terraform.io/hashicorp/google\"]",
      "instances": [
        {
          "schema_version": 0,
          "attributes": {
            "address": "10.77.0.0",
            "address_type": "INTERNAL",
            "creation_timestamp": "2025-06-01T04:46:23.035-07:00",
            "description": "",
            "id": "projects/avid-sunset-435316-a6/global/addresses/private-ip-address",
            "ip_version": "",
            "name": "private-ip-address",
            "network": "https://www.googleapis.com/compute/v1/projects/avid-sunset-435316-a6/global/networks/avid-sunset-435316-a6-vpc",
            "prefix_length": 16,
            "project": "avid-sunset-435316-a6",
            "purpose": "VPC_PEERING",
            "self_link": "https://www.googleapis.com/compute/v1/projects/avid-sunset-435316-a6/global/addresses/private-ip-address",
            "timeouts": null
          },
          "sensitive_attributes": [],
          "identity_schema_version": 0,
          "private": "eyJlMmJmYjczMC1lY2FhLTExZTYtOGY4OC0zNDM2M2JjN2M0YzAiOnsiY3JlYXRlIjoxMjAwMDAwMDAwMDAwLCJkZWxldGUiOjEyMDAwMDAwMDAwMDB9fQ==",
          "dependencies": [
            "google_compute_network.vpc",
            "google_project_service.apis"
          ]
        }
      ]
    },
    {
      "mode": "managed",
      "type": "google_compute_instance",
      "name": "jenkins",
      "provider": "provider[\"registry.terraform.io/hashicorp/google\"]",
      "instances": [
        {
          "schema_version": 6,
          "attributes": {
            "advanced_machine_features": [],
            "allow_stopping_for_update": null,
            "attached_disk": [],
            "boot_disk": [
              {
                "auto_delete": true,
                "device_name": "persistent-disk-0",
                "disk_encryption_key_raw": "",
                "disk_encryption_key_sha256": "",
                "initialize_params": [
                  {
                    "image": "https://www.googleapis.com/compute/v1/projects/ubuntu-os-cloud/global/images/ubuntu-2204-jammy-v20250530",
                    "labels": {},
                    "resource_manager_tags": {},
                    "size": 30,
                    "type": "pd-standard"
                  }
                ],
                "kms_key_self_link": "",
                "mode": "READ_WRITE",
                "source": "https://www.googleapis.com/compute/v1/projects/avid-sunset-435316-a6/zones/us-central1-a/disks/jenkins-server"
              }
            ],
            "can_ip_forward": false,
            "confidential_instance_config": [],
            "cpu_platform": "Intel Broadwell",
            "current_status": "RUNNING",
            "deletion_protection": false,
            "description": "",
            "desired_status": null,
            "enable_display": false,
            "guest_accelerator": [],
            "hostname": "",
            "id": "projects/avid-sunset-435316-a6/zones/us-central1-a/instances/jenkins-server",
            "instance_id": "817255923563232306",
            "label_fingerprint": "42WmSpB8rSM=",
            "labels": {},
            "machine_type": "e2-small",
            "metadata": {},
            "metadata_fingerprint": "OpYVyJeEjNg=",
            "metadata_startup_script": "#!/bin/bash\n\n# Jenkins Setup Script\nset -e\n\necho \"Starting Jenkins installation...\"\n\n# Update system\napt-get update -y\napt-get upgrade -y\n\n# Install Java 11\napt-get install -y openjdk-11-jdk\n\n# Add Jenkins repository\nwget -q -O - https://pkg.jenkins.io/debian-stable/jenkins.io.key | sudo apt-key add -\necho \"deb https://pkg.jenkins.io/debian-stable binary/\" | sudo tee /etc/apt/sources.list.d/jenkins.list\n\n# Install Jenkins\napt-get update -y\napt-get install -y jenkins\n\n# Install Docker\ncurl -fsSL https://get.docker.com -o get-docker.sh\nsh get-docker.sh\nusermod -aG docker jenkins\n\n# Install kubectl\ncurl -LO \"https://dl.k8s.io/release/$(curl -L -s https://dl.k8s.io/release/stable.txt)/bin/linux/amd64/kubectl\"\ninstall -o root -g root -m 0755 kubectl /usr/local/bin/kubectl\n\n# Install Google Cloud SDK\necho \"deb [signed-by=/usr/share/keyrings/cloud.google.gpg] https://packages.cloud.google.com/apt cloud-sdk main\" | sudo tee -a /etc/apt/sources.list.d/google-cloud-sdk.list\ncurl https://packages.cloud.google.com/apt/doc/apt-key.gpg | sudo apt-key --keyring /usr/share/keyrings/cloud.google.gpg add -\napt-get update -y\napt-get install -y google-cloud-cli\n\n# Install Terraform\nwget -O- https://apt.releases.hashicorp.com/gpg | gpg --dearmor | sudo tee /usr/share/keyrings/hashicorp-archive-keyring.gpg\necho \"deb [signed-by=/usr/share/keyrings/hashicorp-archive-keyring.gpg] https://apt.releases.hashicorp.com $(lsb_release -cs) main\" | sudo tee /etc/apt/sources.list.d/hashicorp.list\napt-get update -y\napt-get install -y terraform\n\n# Install Helm\ncurl https://raw.githubusercontent.com/helm/helm/main/scripts/get-helm-3 | bash\n\n# Install Node.js for building frontend\ncurl -fsSL https://deb.nodesource.com/setup_18.x | sudo -E bash -\napt-get install -y nodejs\n\n# Configure Jenkins\nsystemctl start jenkins\nsystemctl enable jenkins\n\n# Wait for Jenkins to start\nsleep 30\n\n# Get initial admin password\nJENKINS_PASSWORD=$(cat /var/lib/jenkins/secrets/initialAdminPassword)\n\n# Install Jenkins plugins via CLI\nwget http://localhost:8080/jnlpJars/jenkins-cli.jar\n\n# Wait for Jenkins to be fully ready\nwhile ! curl -sSf http://localhost:8080/login \u003e /dev/null; do\n    echo \"Waiting for Jenkins to start...\"\n    sleep 10\ndone\n\n# Install required plugins\njava -jar jenkins-cli.jar -s http://localhost:8080/ -auth admin:$JENKINS_PASSWORD install-plugin \\\n    blueocean \\\n    docker-workflow \\\n    kubernetes \\\n    git \\\n    github \\\n    pipeline-stage-view \\\n    sonar \\\n    nodejs \\\n    workspace-cleanup \\\n    build-timeout \\\n    timestamper \\\n    ws-cleanup \\\n    ant \\\n    gradle \\\n    pipeline-github-lib \\\n    pipeline-githubnotify-step\n\n# Restart Jenkins to apply plugins\nsystemctl restart jenkins\n\n# Configure firewall\nufw allow 8080\nufw allow 50000\n\n# Create jenkins user directories\nmkdir -p /var/lib/jenkins/.kube\nchown jenkins:jenkins /var/lib/jenkins/.kube\n\n# Configure gcloud for jenkins user\nsudo -u jenkins gcloud auth activate-service-account --key-file=/tmp/jenkins-sa-key.json\nsudo -u jenkins gcloud config set project avid-sunset-435316-a6\n\necho \"Jenkins installation completed!\"\necho \"Initial admin password: $JENKINS_PASSWORD\"\necho \"Access Jenkins at: http://$(curl -s http://metadata.google.internal/computeMetadata/v1/instance/network-interfaces/0/access-configs/0/external-ip -H \"Metadata-Flavor: Google\"):8080\"",
            "min_cpu_platform": "",
            "name": "jenkins-server",
            "network_interface": [
              {
                "access_config": [
                  {
                    "nat_ip": "34.44.166.186",
                    "network_tier": "PREMIUM",
                    "public_ptr_domain_name": ""
                  }
                ],
                "alias_ip_range": [],
                "internal_ipv6_prefix_length": 0,
                "ipv6_access_config": [],
                "ipv6_access_type": "",
                "ipv6_address": "",
                "name": "nic0",
                "network": "https://www.googleapis.com/compute/v1/projects/avid-sunset-435316-a6/global/networks/avid-sunset-435316-a6-vpc",
                "network_ip": "10.10.0.5",
                "nic_type": "",
                "queue_count": 0,
                "stack_type": "IPV4_ONLY",
                "subnetwork": "https://www.googleapis.com/compute/v1/projects/avid-sunset-435316-a6/regions/us-central1/subnetworks/avid-sunset-435316-a6-subnet",
                "subnetwork_project": "avid-sunset-435316-a6"
              }
            ],
            "network_performance_config": [],
            "params": [],
            "project": "avid-sunset-435316-a6",
            "reservation_affinity": [],
            "resource_policies": [],
            "scheduling": [
              {
                "automatic_restart": true,
                "instance_termination_action": "",
                "local_ssd_recovery_timeout": [],
                "min_node_cpus": 0,
                "node_affinities": [],
                "on_host_maintenance": "MIGRATE",
                "preemptible": false,
                "provisioning_model": "STANDARD"
              }
            ],
            "scratch_disk": [],
            "self_link": "https://www.googleapis.com/compute/v1/projects/avid-sunset-435316-a6/zones/us-central1-a/instances/jenkins-server",
            "service_account": [
              {
                "email": "jenkins-sa@avid-sunset-435316-a6.iam.gserviceaccount.com",
                "scopes": [
                  "https://www.googleapis.com/auth/cloud-platform"
                ]
              }
            ],
            "shielded_instance_config": [
              {
                "enable_integrity_monitoring": true,
                "enable_secure_boot": false,
                "enable_vtpm": true
              }
            ],
            "tags": [
              "http-server",
              "https-server",
              "jenkins"
            ],
            "tags_fingerprint": "tEtMM7eQal0=",
            "timeouts": null,
            "zone": "us-central1-a"
          },
          "sensitive_attributes": [
            [
              {
                "type": "get_attr",
                "value": "boot_disk"
              },
              {
                "type": "index",
                "value": {
                  "value": 0,
                  "type": "number"
                }
              },
              {
                "type": "get_attr",
                "value": "disk_encryption_key_raw"
              }
            ]
          ],
          "identity_schema_version": 0,
          "private": "eyJlMmJmYjczMC1lY2FhLTExZTYtOGY4OC0zNDM2M2JjN2M0YzAiOnsiY3JlYXRlIjoxMjAwMDAwMDAwMDAwLCJkZWxldGUiOjEyMDAwMDAwMDAwMDAsInVwZGF0ZSI6MTIwMDAwMDAwMDAwMH0sInNjaGVtYV92ZXJzaW9uIjoiNiJ9",
          "dependencies": [
            "google_compute_network.vpc",
            "google_compute_subnetwork.subnet",
            "google_project_service.apis",
            "google_service_account.jenkins_sa"
          ]
        }
      ]
    },
    {
      "mode": "managed",
      "type": "google_compute_instance",
      "name": "sonarqube",
      "provider": "provider[\"registry.terraform.io/hashicorp/google\"]",
      "instances": [
        {
          "schema_version": 6,
          "attributes": {
            "advanced_machine_features": [],
            "allow_stopping_for_update": null,
            "attached_disk": [],
            "boot_disk": [
              {
                "auto_delete": true,
                "device_name": "persistent-disk-0",
                "disk_encryption_key_raw": "",
                "disk_encryption_key_sha256": "",
                "initialize_params": [
                  {
                    "image": "https://www.googleapis.com/compute/v1/projects/ubuntu-os-cloud/global/images/ubuntu-2204-jammy-v20250530",
                    "labels": {},
                    "resource_manager_tags": {},
                    "size": 30,
                    "type": "pd-standard"
                  }
                ],
                "kms_key_self_link": "",
                "mode": "READ_WRITE",
                "source": "https://www.googleapis.com/compute/v1/projects/avid-sunset-435316-a6/zones/us-central1-a/disks/sonarqube-server"
              }
            ],
            "can_ip_forward": false,
            "confidential_instance_config": [],
            "cpu_platform": "Intel Broadwell",
            "current_status": "RUNNING",
            "deletion_protection": false,
            "description": "",
            "desired_status": null,
            "enable_display": false,
            "guest_accelerator": [],
            "hostname": "",
            "id": "projects/avid-sunset-435316-a6/zones/us-central1-a/instances/sonarqube-server",
            "instance_id": "8901562372495375413",
            "label_fingerprint": "42WmSpB8rSM=",
            "labels": {},
            "machine_type": "e2-small",
            "metadata": {},
            "metadata_fingerprint": "FfTJClfuSNI=",
            "metadata_startup_script": "#!/bin/bash\n\n# SonarQube Setup Script\nset -e\n\necho \"Starting SonarQube installation...\"\n\n# Update system\napt-get update -y\napt-get upgrade -y\n\n# Install Java 11\napt-get install -y openjdk-11-jdk\n\n# Install PostgreSQL for SonarQube database\napt-get install -y postgresql postgresql-contrib\n\n# Configure PostgreSQL\nsystemctl start postgresql\nsystemctl enable postgresql\n\n# Create SonarQube database and user\nsudo -u postgres psql -c \"CREATE DATABASE sonarqube;\"\nsudo -u postgres psql -c \"CREATE USER sonarqube WITH PASSWORD 'sonarqube';\"\nsudo -u postgres psql -c \"GRANT ALL PRIVILEGES ON DATABASE sonarqube TO sonarqube;\"\nsudo -u postgres psql -c \"ALTER USER sonarqube CREATEDB;\"\n\n# Configure system limits for SonarQube\necho \"vm.max_map_count=524288\" \u003e\u003e /etc/sysctl.conf\necho \"fs.file-max=131072\" \u003e\u003e /etc/sysctl.conf\nsysctl -p\n\necho \"sonarqube   -   nofile   131072\" \u003e\u003e /etc/security/limits.conf\necho \"sonarqube   -   nproc    8192\" \u003e\u003e /etc/security/limits.conf\n\n# Create SonarQube user\nuseradd -r -m -U -d /opt/sonarqube -s /bin/bash sonarqube\n\n# Download and install SonarQube\ncd /opt\nwget https://binaries.sonarsource.com/Distribution/sonarqube/sonarqube-9.9.2.77730.zip\nunzip sonarqube-9.9.2.77730.zip\nmv sonarqube-9.9.2.77730 sonarqube\nchown -R sonarqube:sonarqube /opt/sonarqube\n\n# Configure SonarQube\ncat \u003e /opt/sonarqube/conf/sonar.properties \u003c\u003c EOF\n# Database settings\nsonar.jdbc.username=sonarqube\nsonar.jdbc.password=sonarqube\nsonar.jdbc.url=jdbc:postgresql://localhost:5432/sonarqube\n\n# Web server settings\nsonar.web.host=0.0.0.0\nsonar.web.port=9000\n\n# Elasticsearch settings\nsonar.search.javaOpts=-Xmx512m -Xms512m -XX:MaxDirectMemorySize=256m -XX:+HeapDumpOnOutOfMemoryError\n\n# Application settings\nsonar.ce.javaOpts=-Xmx512m -Xms128m -XX:+HeapDumpOnOutOfMemoryError\nEOF\n\n# Create systemd service\ncat \u003e /etc/systemd/system/sonarqube.service \u003c\u003c EOF\n[Unit]\nDescription=SonarQube service\nAfter=syslog.target network.target\n\n[Service]\nType=forking\nExecStart=/opt/sonarqube/bin/linux-x86-64/sonar.sh start\nExecStop=/opt/sonarqube/bin/linux-x86-64/sonar.sh stop\nUser=sonarqube\nGroup=sonarqube\nRestart=always\nLimitNOFILE=131072\nLimitNPROC=8192\n\n[Install]\nWantedBy=multi-user.target\nEOF\n\n# Start and enable SonarQube\nsystemctl daemon-reload\nsystemctl start sonarqube\nsystemctl enable sonarqube\n\n# Install SonarQube Scanner\ncd /opt\nwget https://binaries.sonarsource.com/Distribution/sonar-scanner-cli/sonar-scanner-cli-4.8.0.2856-linux.zip\nunzip sonar-scanner-cli-4.8.0.2856-linux.zip\nmv sonar-scanner-4.8.0.2856-linux sonar-scanner\nchown -R sonarqube:sonarqube /opt/sonar-scanner\n\n# Add SonarQube Scanner to PATH\necho 'export PATH=$PATH:/opt/sonar-scanner/bin' \u003e\u003e /etc/environment\n\n# Configure firewall\nufw allow 9000\n\n# Wait for SonarQube to start\necho \"Waiting for SonarQube to start...\"\nsleep 60\n\n# Check if SonarQube is running\nwhile ! curl -sSf http://localhost:9000 \u003e /dev/null; do\n    echo \"Waiting for SonarQube to be ready...\"\n    sleep 10\ndone\n\necho \"SonarQube installation completed!\"\necho \"Access SonarQube at: http://$(curl -s http://metadata.google.internal/computeMetadata/v1/instance/network-interfaces/0/access-configs/0/external-ip -H \"Metadata-Flavor: Google\"):9000\"\necho \"Default credentials: admin/admin\"",
            "min_cpu_platform": "",
            "name": "sonarqube-server",
            "network_interface": [
              {
                "access_config": [
                  {
                    "nat_ip": "35.225.234.133",
                    "network_tier": "PREMIUM",
                    "public_ptr_domain_name": ""
                  }
                ],
                "alias_ip_range": [],
                "internal_ipv6_prefix_length": 0,
                "ipv6_access_config": [],
                "ipv6_access_type": "",
                "ipv6_address": "",
                "name": "nic0",
                "network": "https://www.googleapis.com/compute/v1/projects/avid-sunset-435316-a6/global/networks/avid-sunset-435316-a6-vpc",
                "network_ip": "10.10.0.4",
                "nic_type": "",
                "queue_count": 0,
                "stack_type": "IPV4_ONLY",
                "subnetwork": "https://www.googleapis.com/compute/v1/projects/avid-sunset-435316-a6/regions/us-central1/subnetworks/avid-sunset-435316-a6-subnet",
                "subnetwork_project": "avid-sunset-435316-a6"
              }
            ],
            "network_performance_config": [],
            "params": [],
            "project": "avid-sunset-435316-a6",
            "reservation_affinity": [],
            "resource_policies": [],
            "scheduling": [
              {
                "automatic_restart": true,
                "instance_termination_action": "",
                "local_ssd_recovery_timeout": [],
                "min_node_cpus": 0,
                "node_affinities": [],
                "on_host_maintenance": "MIGRATE",
                "preemptible": false,
                "provisioning_model": "STANDARD"
              }
            ],
            "scratch_disk": [],
            "self_link": "https://www.googleapis.com/compute/v1/projects/avid-sunset-435316-a6/zones/us-central1-a/instances/sonarqube-server",
            "service_account": [],
            "shielded_instance_config": [
              {
                "enable_integrity_monitoring": true,
                "enable_secure_boot": false,
                "enable_vtpm": true
              }
            ],
            "tags": [
              "http-server",
              "sonarqube"
            ],
            "tags_fingerprint": "NgzNLCuR6Ck=",
            "timeouts": null,
            "zone": "us-central1-a"
          },
          "sensitive_attributes": [
            [
              {
                "type": "get_attr",
                "value": "boot_disk"
              },
              {
                "type": "index",
                "value": {
                  "value": 0,
                  "type": "number"
                }
              },
              {
                "type": "get_attr",
                "value": "disk_encryption_key_raw"
              }
            ]
          ],
          "identity_schema_version": 0,
          "private": "eyJlMmJmYjczMC1lY2FhLTExZTYtOGY4OC0zNDM2M2JjN2M0YzAiOnsiY3JlYXRlIjoxMjAwMDAwMDAwMDAwLCJkZWxldGUiOjEyMDAwMDAwMDAwMDAsInVwZGF0ZSI6MTIwMDAwMDAwMDAwMH0sInNjaGVtYV92ZXJzaW9uIjoiNiJ9",
          "dependencies": [
            "google_compute_network.vpc",
            "google_compute_subnetwork.subnet",
            "google_project_service.apis"
          ]
        }
      ]
    },
    {
      "mode": "managed",
      "type": "google_compute_network",
      "name": "vpc",
      "provider": "provider[\"registry.terraform.io/hashicorp/google\"]",
      "instances": [
        {
          "schema_version": 0,
          "attributes": {
            "auto_create_subnetworks": false,
            "delete_default_routes_on_create": false,
            "description": "",
            "enable_ula_internal_ipv6": false,
            "gateway_ipv4": "",
            "id": "projects/avid-sunset-435316-a6/global/networks/avid-sunset-435316-a6-vpc",
            "internal_ipv6_range": "",
            "mtu": 0,
            "name": "avid-sunset-435316-a6-vpc",
            "network_firewall_policy_enforcement_order": "AFTER_CLASSIC_FIREWALL",
            "project": "avid-sunset-435316-a6",
            "routing_mode": "REGIONAL",
            "self_link": "https://www.googleapis.com/compute/v1/projects/avid-sunset-435316-a6/global/networks/avid-sunset-435316-a6-vpc",
            "timeouts": null
          },
          "sensitive_attributes": [],
          "identity_schema_version": 0,
          "private": "eyJlMmJmYjczMC1lY2FhLTExZTYtOGY4OC0zNDM2M2JjN2M0YzAiOnsiY3JlYXRlIjoxMjAwMDAwMDAwMDAwLCJkZWxldGUiOjEyMDAwMDAwMDAwMDAsInVwZGF0ZSI6MTIwMDAwMDAwMDAwMH19",
          "dependencies": [
            "google_project_service.apis"
          ]
        }
      ]
    },
    {
      "mode": "managed",
      "type": "google_compute_subnetwork",
      "name": "subnet",
      "provider": "provider[\"registry.terraform.io/hashicorp/google\"]",
      "instances": [
        {
          "schema_version": 0,
          "attributes": {
            "creation_timestamp": "2025-06-01T04:40:31.038-07:00",
            "description": "",
            "external_ipv6_prefix": "",
            "fingerprint": null,
            "gateway_address": "10.10.0.1",
            "id": "projects/avid-sunset-435316-a6/regions/us-central1/subnetworks/avid-sunset-435316-a6-subnet",
            "internal_ipv6_prefix": "",
            "ip_cidr_range": "10.10.0.0/24",
            "ipv6_access_type": "",
            "ipv6_cidr_range": "",
            "log_config": [],
            "name": "avid-sunset-435316-a6-subnet",
            "network": "https://www.googleapis.com/compute/v1/projects/avid-sunset-435316-a6/global/networks/avid-sunset-435316-a6-vpc",
            "private_ip_google_access": true,
            "private_ipv6_google_access": "DISABLE_GOOGLE_ACCESS",
            "project": "avid-sunset-435316-a6",
            "purpose": "PRIVATE",
            "region": "us-central1",
            "role": "",
            "secondary_ip_range": [
              {
                "ip_cidr_range": "192.168.1.0/24",
                "range_name": "services-range"
              },
              {
                "ip_cidr_range": "192.168.64.0/22",
                "range_name": "pod-ranges"
              }
            ],
            "self_link": "https://www.googleapis.com/compute/v1/projects/avid-sunset-435316-a6/regions/us-central1/subnetworks/avid-sunset-435316-a6-subnet",
            "stack_type": "IPV4_ONLY",
            "timeouts": null
          },
          "sensitive_attributes": [],
          "identity_schema_version": 0,
          "private": "eyJlMmJmYjczMC1lY2FhLTExZTYtOGY4OC0zNDM2M2JjN2M0YzAiOnsiY3JlYXRlIjoxMjAwMDAwMDAwMDAwLCJkZWxldGUiOjEyMDAwMDAwMDAwMDAsInVwZGF0ZSI6MTIwMDAwMDAwMDAwMH19",
          "dependencies": [
            "google_compute_network.vpc",
            "google_project_service.apis"
          ]
        }
      ]
    },
    {
      "mode": "managed",
      "type": "google_container_cluster",
      "name": "placement_cluster",
      "provider": "provider[\"registry.terraform.io/hashicorp/google\"]",
      "instances": [
        {
          "schema_version": 1,
          "attributes": {
            "addons_config": [
              {
                "cloudrun_config": [],
                "config_connector_config": [],
                "dns_cache_config": [],
                "gce_persistent_disk_csi_driver_config": [
                  {
                    "enabled": true
                  }
                ],
                "gcp_filestore_csi_driver_config": [],
                "gcs_fuse_csi_driver_config": [],
                "gke_backup_agent_config": [],
                "horizontal_pod_autoscaling": [],
                "http_load_balancing": [],
                "network_policy_config": [
                  {
                    "disabled": true
                  }
                ]
              }
            ],
            "allow_net_admin": null,
            "authenticator_groups_config": [],
            "binary_authorization": [
              {
                "enabled": false,
                "evaluation_mode": ""
              }
            ],
            "cluster_autoscaling": [
              {
                "auto_provisioning_defaults": [],
                "enabled": false,
                "resource_limits": []
              }
            ],
            "cluster_ipv4_cidr": "192.168.64.0/22",
            "confidential_nodes": [],
            "cost_management_config": [],
            "database_encryption": [
              {
                "key_name": "",
                "state": "DECRYPTED"
              }
            ],
            "datapath_provider": "",
            "default_max_pods_per_node": 110,
            "default_snat_status": [
              {
                "disabled": false
              }
            ],
            "description": "",
            "dns_config": [],
            "enable_autopilot": false,
            "enable_binary_authorization": false,
            "enable_intranode_visibility": false,
            "enable_k8s_beta_apis": [],
            "enable_kubernetes_alpha": false,
            "enable_l4_ilb_subsetting": false,
            "enable_legacy_abac": false,
            "enable_shielded_nodes": true,
            "enable_tpu": false,
            "endpoint": "35.232.218.189",
            "gateway_api_config": [],
            "id": "projects/avid-sunset-435316-a6/locations/us-central1-a/clusters/placement-portal-cluster",
            "initial_node_count": 1,
            "ip_allocation_policy": [
              {
                "additional_pod_ranges_config": [],
                "cluster_ipv4_cidr_block": "192.168.64.0/22",
                "cluster_secondary_range_name": "pod-ranges",
                "pod_cidr_overprovision_config": [
                  {
                    "disabled": false
                  }
                ],
                "services_ipv4_cidr_block": "192.168.1.0/24",
                "services_secondary_range_name": "services-range",
                "stack_type": "IPV4"
              }
            ],
            "label_fingerprint": "a9dc16a7",
            "location": "us-central1-a",
            "logging_config": [
              {
                "enable_components": [
                  "SYSTEM_COMPONENTS"
                ]
              }
            ],
            "logging_service": "logging.googleapis.com/kubernetes",
            "maintenance_policy": [],
            "master_auth": [
              {
                "client_certificate": "",
                "client_certificate_config": [
                  {
                    "issue_client_certificate": false
                  }
                ],
                "client_key": "",
                "cluster_ca_certificate": "LS0tLS1CRUdJTiBDRVJUSUZJQ0FURS0tLS0tCk1JSUVMVENDQXBXZ0F3SUJBZ0lSQUphSHhrblRsMUYxRjBobGlpdlIybmt3RFFZSktvWklodmNOQVFFTEJRQXcKTHpFdE1Dc0dBMVVFQXhNa1pUTmxZVEE1TkRVdE1URmlZaTAwWW1KaExXSmhaV1F0TlRBd09UUTFNbUUzTTJVMwpNQ0FYRFRJMU1EWXdNVEV4TWpjeU1Wb1lEekl3TlRVd05USTFNVEl5TnpJeFdqQXZNUzB3S3dZRFZRUURFeVJsCk0yVmhNRGswTlMweE1XSmlMVFJpWW1FdFltRmxaQzAxTURBNU5EVXlZVGN6WlRjd2dnR2lNQTBHQ1NxR1NJYjMKRFFFQkFRVUFBNElCandBd2dnR0tBb0lCZ1FDa0NvRm5vU0NFU05yR1lyZll0Y3NaUVgxUjc5ZFRvV2RWcnZtTgphRlh0M0ppOEkvVk5oWDZrU1dJaWFndng1Q014UTZWOTQ5UmpnQUZRRFNDOWFhbGtHQTJ4VVRmTXZLblBmTG0yCjJlc1RET0R0WnBvdTRUdjFFd2cyOHBPa0dPWmp1TytHKy9aNFhRa3VzM21BNHVQTXBKTVNvTmQrMWxpdTVCN3cKc1dQWWNyQU5jMUlNTjFFd2ZXaWlNeXV2MW1DdGpWaVdpeEJwMHNKc3ErdTVBZmNXVG1GWEVhT0lHcGp5d3FNagpoNzFsaC9Id1c5THZXdFM3NTRCKzNQWnlGSlY0UVQzTmwrUzYwRXUrcVRoM256WWtiaWxRSTlpV2wxZFo1L21uCjhTNDZ0Z0FZWXdyTWNXSVdxeTBkYmVYcTdib1dpTUZaR0wxOTdyN200TUdrRTZKSW52b095TzF3THY5bHd4ejkKc1NQUlFsSU1pN0FCSi83ZVRxb3NtQzMxYitUVS9FbzdaVnNBbmt0VTVpZVlpYXNBTzIyVjIvVk9UTi9jVzJLQgp3a0NnbTYwN3UxK29YY08zMXp4b2NMcDFZc1Y5REhJNjFoamFhYnVFSjRDeVNqQ1JBaXRaOXhkVTlGMzJEVEJYCmVyNXdJOS9XQ3NFTm9GQWxKWUZ4UWxSdGZIOENBd0VBQWFOQ01FQXdEZ1lEVlIwUEFRSC9CQVFEQWdJRU1BOEcKQTFVZEV3RUIvd1FGTUFNQkFmOHdIUVlEVlIwT0JCWUVGS3hETWxkZUxQVTlRWVQzMjNjM0Q5bFQzVWlWTUEwRwpDU3FHU0liM0RRRUJDd1VBQTRJQmdRQlhYNjUwYmdxTC9PZjlXUlNmM3pRT1QrR1dQUEpJTDFBQ2FFK3UvR2JGClhoSkFPY0V3em8zeFlNbXZHaTZCWS9oK2xvZGdKbmZsL0FxQXZxeTVjZWRteHBZRk9Sd3VHUkhRRHlyRUZ5M0YKT3EzcDdGZlFGTkNHQkNiMnhWNGFPSFc0UlRLb0JLS21BeEZPLzBvcm95NjlOekhHTWpaWmhKU0l2YytBeVdlSgpQSUlYRytRUVRaUitndkNRbVhxYm43Qk9kWnJLWWRhVFZMa09pOFJ2VlFBTVA1U0ZTUVNONUhtNTM3N0hzbEEvCkorQW1keVA3QkUxa21oa3JYQnVGM3dBaGhRUzZBOS82VGlNYit2QnRoSWVQeDZ5WVA2QlNLMzNtcDZoaTl4MmYKWXNqTEF1V0w5NDM0RXVvU3JOZFAvNVlvdDFaR2xwQUs3WTdoMTJiN1hTclF4cFJmU0dOMHhiSTVab2h6TVVSSQpzNktGNkwwbDZ3Q1RCTTl6N2hSWEJ6V3NQZ2hQTnF6eWZEMTNWL09CMTVSeFdJaVhjRzBpWHlONXFnajFNUlhvCkFEWHlhRlF2SFhFSmF0WW5qSGxVR014ZlhWQXBlRnNHMFpRdFB1cklBRndsbG1rOWVTd3pHeGlTNUZLMzJQQTUKbVJXZkVncEpLY2I2b3Q4WDk3TGNFWlE9Ci0tLS0tRU5EIENFUlRJRklDQVRFLS0tLS0K"
              }
            ],
            "master_authorized_networks_config": [],
            "master_version": "1.32.4-gke.1106006",
            "mesh_certificates": [],
            "min_master_version": null,
            "monitoring_config": [
              {
                "advanced_datapath_observability_config": [
                  {
                    "enable_metrics": false,
                    "relay_mode": ""
                  }
                ],
                "enable_components": [
                  "SYSTEM_COMPONENTS"
                ],
                "managed_prometheus": [
                  {
                    "enabled": true
                  }
                ]
              }
            ],
            "monitoring_service": "monitoring.googleapis.com/kubernetes",
            "name": "placement-portal-cluster",
            "network": "projects/avid-sunset-435316-a6/global/networks/avid-sunset-435316-a6-vpc",
            "network_policy": [
              {
                "enabled": false,
                "provider": "PROVIDER_UNSPECIFIED"
              }
            ],
            "networking_mode": "VPC_NATIVE",
            "node_config": [
              {
                "advanced_machine_features": [],
                "boot_disk_kms_key": "",
                "confidential_nodes": [],
                "disk_size_gb": 10,
                "disk_type": "pd-standard",
                "ephemeral_storage_local_ssd_config": [],
                "fast_socket": [],
                "gcfs_config": [],
                "guest_accelerator": [],
                "gvnic": [],
                "host_maintenance_policy": [],
                "image_type": "COS_CONTAINERD",
                "kubelet_config": [
                  {
                    "cpu_cfs_quota": false,
                    "cpu_cfs_quota_period": "",
                    "cpu_manager_policy": "",
                    "pod_pids_limit": 0
                  }
                ],
                "labels": {
                  "env": "avid-sunset-435316-a6"
                },
                "linux_node_config": [],
                "local_nvme_ssd_block_config": [],
                "local_ssd_count": 0,
                "logging_variant": "DEFAULT",
                "machine_type": "e2-micro",
                "metadata": {
                  "disable-legacy-endpoints": "true"
                },
                "min_cpu_platform": "",
                "node_group": "",
                "oauth_scopes": [
                  "https://www.googleapis.com/auth/cloud-platform",
                  "https://www.googleapis.com/auth/logging.write",
                  "https://www.googleapis.com/auth/monitoring"
                ],
                "preemptible": false,
                "reservation_affinity": [],
                "resource_labels": {
                  "goog-gke-node-pool-provisioning-model": "on-demand"
                },
                "service_account": "default",
                "shielded_instance_config": [
                  {
                    "enable_integrity_monitoring": true,
                    "enable_secure_boot": false
                  }
                ],
                "sole_tenant_config": [],
                "spot": false,
                "tags": [
                  "gke-node",
                  "avid-sunset-435316-a6-gke"
                ],
                "taint": [],
                "workload_metadata_config": [
                  {
                    "mode": "GKE_METADATA"
                  }
                ]
              }
            ],
            "node_locations": [],
            "node_pool": [
              {
                "autoscaling": [
                  {
                    "location_policy": "BALANCED",
                    "max_node_count": 3,
                    "min_node_count": 1,
                    "total_max_node_count": 0,
                    "total_min_node_count": 0
                  }
                ],
                "initial_node_count": 2,
                "instance_group_urls": [],
                "managed_instance_group_urls": [],
                "management": [
                  {
                    "auto_repair": true,
                    "auto_upgrade": true
                  }
                ],
                "max_pods_per_node": 110,
                "name": "primary-node-pool",
                "name_prefix": "",
                "network_config": [
                  {
                    "create_pod_range": false,
                    "enable_private_nodes": false,
                    "pod_cidr_overprovision_config": [],
                    "pod_ipv4_cidr_block": "192.168.64.0/22",
                    "pod_range": "pod-ranges"
                  }
                ],
                "node_config": [
                  {
                    "advanced_machine_features": [],
                    "boot_disk_kms_key": "",
                    "confidential_nodes": [],
                    "disk_size_gb": 10,
                    "disk_type": "pd-standard",
                    "ephemeral_storage_local_ssd_config": [],
                    "fast_socket": [],
                    "gcfs_config": [],
                    "guest_accelerator": [],
                    "gvnic": [],
                    "host_maintenance_policy": [],
                    "image_type": "COS_CONTAINERD",
                    "kubelet_config": [
                      {
                        "cpu_cfs_quota": false,
                        "cpu_cfs_quota_period": "",
                        "cpu_manager_policy": "",
                        "pod_pids_limit": 0
                      }
                    ],
                    "labels": {
                      "env": "avid-sunset-435316-a6"
                    },
                    "linux_node_config": [],
                    "local_nvme_ssd_block_config": [],
                    "local_ssd_count": 0,
                    "logging_variant": "DEFAULT",
                    "machine_type": "e2-micro",
                    "metadata": {
                      "disable-legacy-endpoints": "true"
                    },
                    "min_cpu_platform": "",
                    "node_group": "",
                    "oauth_scopes": [
                      "https://www.googleapis.com/auth/cloud-platform",
                      "https://www.googleapis.com/auth/logging.write",
                      "https://www.googleapis.com/auth/monitoring"
                    ],
                    "preemptible": false,
                    "reservation_affinity": [],
                    "resource_labels": {
                      "goog-gke-node-pool-provisioning-model": "on-demand"
                    },
                    "service_account": "default",
                    "shielded_instance_config": [
                      {
                        "enable_integrity_monitoring": true,
                        "enable_secure_boot": false
                      }
                    ],
                    "sole_tenant_config": [],
                    "spot": false,
                    "tags": [
                      "gke-node",
                      "avid-sunset-435316-a6-gke"
                    ],
                    "taint": [],
                    "workload_metadata_config": [
                      {
                        "mode": "GKE_METADATA"
                      }
                    ]
                  }
                ],
                "node_count": 0,
                "node_locations": [
                  "us-central1-a"
                ],
                "placement_policy": [],
                "upgrade_settings": [
                  {
                    "blue_green_settings": [],
                    "max_surge": 1,
                    "max_unavailable": 0,
                    "strategy": "SURGE"
                  }
                ],
                "version": "1.32.4-gke.1106006"
              }
            ],
            "node_pool_auto_config": [
              {
                "network_tags": []
              }
            ],
            "node_pool_defaults": [
              {
                "node_config_defaults": [
                  {
                    "logging_variant": "DEFAULT"
                  }
                ]
              }
            ],
            "node_version": "1.32.4-gke.1106006",
            "notification_config": [
              {
                "pubsub": [
                  {
                    "enabled": false,
                    "filter": [],
                    "topic": ""
                  }
                ]
              }
            ],
            "operation": null,
            "private_cluster_config": [
              {
                "enable_private_endpoint": false,
                "enable_private_nodes": false,
                "master_global_access_config": [
                  {
                    "enabled": false
                  }
                ],
                "master_ipv4_cidr_block": "",
                "peering_name": "",
                "private_endpoint": "10.10.0.8",
                "private_endpoint_subnetwork": "",
                "public_endpoint": "35.232.218.189"
              }
            ],
            "private_ipv6_google_access": "",
            "project": "avid-sunset-435316-a6",
            "release_channel": [
              {
                "channel": "REGULAR"
              }
            ],
            "remove_default_node_pool": true,
            "resource_labels": {},
            "resource_usage_export_config": [],
            "security_posture_config": [
              {
                "mode": "BASIC",
                "vulnerability_mode": "VULNERABILITY_MODE_UNSPECIFIED"
              }
            ],
            "self_link": "https://container.googleapis.com/v1/projects/avid-sunset-435316-a6/zones/us-central1-a/clusters/placement-portal-cluster",
            "service_external_ips_config": [
              {
                "enabled": false
              }
            ],
            "services_ipv4_cidr": "192.168.1.0/24",
            "subnetwork": "projects/avid-sunset-435316-a6/regions/us-central1/subnetworks/avid-sunset-435316-a6-subnet",
            "timeouts": null,
            "tpu_ipv4_cidr_block": "",
            "vertical_pod_autoscaling": [],
            "workload_identity_config": [
              {
                "workload_pool": "avid-sunset-435316-a6.svc.id.goog"
              }
            ]
          },
          "sensitive_attributes": [
            [
              {
                "type": "get_attr",
                "value": "master_auth"
              },
              {
                "type": "index",
                "value": {
                  "value": 0,
                  "type": "number"
                }
              },
              {
                "type": "get_attr",
                "value": "client_key"
              }
            ]
          ],
          "identity_schema_version": 0,
          "private": "eyJlMmJmYjczMC1lY2FhLTExZTYtOGY4OC0zNDM2M2JjN2M0YzAiOnsiY3JlYXRlIjoyNDAwMDAwMDAwMDAwLCJkZWxldGUiOjI0MDAwMDAwMDAwMDAsInJlYWQiOjI0MDAwMDAwMDAwMDAsInVwZGF0ZSI6MzYwMDAwMDAwMDAwMH0sInNjaGVtYV92ZXJzaW9uIjoiMSJ9",
          "dependencies": [
            "google_compute_network.vpc",
            "google_compute_subnetwork.subnet",
            "google_project_service.apis"
          ]
        }
      ]
    },
    {
      "mode": "managed",
      "type": "google_container_node_pool",
      "name": "primary_nodes",
      "provider": "provider[\"registry.terraform.io/hashicorp/google\"]",
      "instances": [
        {
          "schema_version": 1,
          "attributes": {
            "autoscaling": [
              {
                "location_policy": "BALANCED",
                "max_node_count": 3,
                "min_node_count": 1,
                "total_max_node_count": 0,
                "total_min_node_count": 0
              }
            ],
            "cluster": "placement-portal-cluster",
            "id": "projects/avid-sunset-435316-a6/locations/us-central1-a/clusters/placement-portal-cluster/nodePools/primary-node-pool",
            "initial_node_count": 2,
            "instance_group_urls": [
              "https://www.googleapis.com/compute/v1/projects/avid-sunset-435316-a6/zones/us-central1-a/instanceGroupManagers/gke-placement-portal-primary-node-poo-3567a74c-grp"
            ],
            "location": "us-central1-a",
            "managed_instance_group_urls": [
              "https://www.googleapis.com/compute/v1/projects/avid-sunset-435316-a6/zones/us-central1-a/instanceGroups/gke-placement-portal-primary-node-poo-3567a74c-grp"
            ],
            "management": [
              {
                "auto_repair": true,
                "auto_upgrade": true
              }
            ],
            "max_pods_per_node": 110,
            "name": "primary-node-pool",
            "name_prefix": "",
            "network_config": [
              {
                "create_pod_range": false,
                "enable_private_nodes": false,
                "pod_cidr_overprovision_config": [],
                "pod_ipv4_cidr_block": "192.168.64.0/22",
                "pod_range": "pod-ranges"
              }
            ],
            "node_config": [
              {
                "advanced_machine_features": [],
                "boot_disk_kms_key": "",
                "confidential_nodes": [],
                "disk_size_gb": 20,
                "disk_type": "pd-standard",
                "ephemeral_storage_local_ssd_config": [],
                "fast_socket": [],
                "gcfs_config": [],
                "guest_accelerator": [],
                "gvnic": [],
                "host_maintenance_policy": [],
                "image_type": "COS_CONTAINERD",
                "kubelet_config": [
                  {
                    "cpu_cfs_quota": false,
                    "cpu_cfs_quota_period": "",
                    "cpu_manager_policy": "",
                    "pod_pids_limit": 0
                  }
                ],
                "labels": {
                  "env": "avid-sunset-435316-a6"
                },
                "linux_node_config": [],
                "local_nvme_ssd_block_config": [],
                "local_ssd_count": 0,
                "logging_variant": "DEFAULT",
                "machine_type": "e2-micro",
                "metadata": {
                  "disable-legacy-endpoints": "true"
                },
                "min_cpu_platform": "",
                "node_group": "",
                "oauth_scopes": [
                  "https://www.googleapis.com/auth/cloud-platform",
                  "https://www.googleapis.com/auth/logging.write",
                  "https://www.googleapis.com/auth/monitoring"
                ],
                "preemptible": false,
                "reservation_affinity": [],
                "resource_labels": {
                  "goog-gke-node-pool-provisioning-model": "on-demand"
                },
                "service_account": "default",
                "shielded_instance_config": [
                  {
                    "enable_integrity_monitoring": true,
                    "enable_secure_boot": false
                  }
                ],
                "sole_tenant_config": [],
                "spot": false,
                "tags": [
                  "gke-node",
                  "avid-sunset-435316-a6-gke"
                ],
                "taint": [],
                "workload_metadata_config": [
                  {
                    "mode": "GKE_METADATA"
                  }
                ]
              }
            ],
            "node_count": 2,
            "node_locations": [
              "us-central1-a"
            ],
            "operation": null,
            "placement_policy": [],
            "project": "avid-sunset-435316-a6",
            "timeouts": null,
            "upgrade_settings": [
              {
                "blue_green_settings": [],
                "max_surge": 1,
                "max_unavailable": 0,
                "strategy": "SURGE"
              }
            ],
            "version": "1.32.4-gke.1106006"
          },
          "sensitive_attributes": [],
          "identity_schema_version": 0,
          "private": "eyJlMmJmYjczMC1lY2FhLTExZTYtOGY4OC0zNDM2M2JjN2M0YzAiOnsiY3JlYXRlIjoxODAwMDAwMDAwMDAwLCJkZWxldGUiOjE4MDAwMDAwMDAwMDAsInVwZGF0ZSI6MTgwMDAwMDAwMDAwMH0sInNjaGVtYV92ZXJzaW9uIjoiMSJ9",
          "dependencies": [
            "google_compute_network.vpc",
            "google_compute_subnetwork.subnet",
            "google_container_cluster.placement_cluster",
            "google_project_service.apis"
          ]
        }
      ]
    },
    {
      "mode": "managed",
      "type": "google_project_iam_member",
      "name": "jenkins_compute_admin",
      "provider": "provider[\"registry.terraform.io/hashicorp/google\"]",
      "instances": [
        {
          "schema_version": 0,
          "attributes": {
            "condition": [],
            "etag": "BwY2gTJyk4Q=",
            "id": "avid-sunset-435316-a6/roles/compute.admin/serviceAccount:jenkins-sa@avid-sunset-435316-a6.iam.gserviceaccount.com",
            "member": "serviceAccount:jenkins-sa@avid-sunset-435316-a6.iam.gserviceaccount.com",
            "project": "avid-sunset-435316-a6",
            "role": "roles/compute.admin"
          },
          "sensitive_attributes": [],
          "identity_schema_version": 0,
          "private": "bnVsbA==",
          "dependencies": [
            "google_service_account.jenkins_sa"
          ]
        }
      ]
    },
    {
      "mode": "managed",
      "type": "google_project_iam_member",
      "name": "jenkins_container_admin",
      "provider": "provider[\"registry.terraform.io/hashicorp/google\"]",
      "instances": [
        {
          "schema_version": 0,
          "attributes": {
            "condition": [],
            "etag": "BwY2gTJyk4Q=",
            "id": "avid-sunset-435316-a6/roles/container.admin/serviceAccount:jenkins-sa@avid-sunset-435316-a6.iam.gserviceaccount.com",
            "member": "serviceAccount:jenkins-sa@avid-sunset-435316-a6.iam.gserviceaccount.com",
            "project": "avid-sunset-435316-a6",
            "role": "roles/container.admin"
          },
          "sensitive_attributes": [],
          "identity_schema_version": 0,
          "private": "bnVsbA==",
          "dependencies": [
            "google_service_account.jenkins_sa"
          ]
        }
      ]
    },
    {
      "mode": "managed",
      "type": "google_project_iam_member",
      "name": "jenkins_source_repo_admin",
      "provider": "provider[\"registry.terraform.io/hashicorp/google\"]",
      "instances": [
        {
          "schema_version": 0,
          "attributes": {
            "condition": [],
            "etag": "BwY2gTJyk4Q=",
            "id": "avid-sunset-435316-a6/roles/source.admin/serviceAccount:jenkins-sa@avid-sunset-435316-a6.iam.gserviceaccount.com",
            "member": "serviceAccount:jenkins-sa@avid-sunset-435316-a6.iam.gserviceaccount.com",
            "project": "avid-sunset-435316-a6",
            "role": "roles/source.admin"
          },
          "sensitive_attributes": [],
          "identity_schema_version": 0,
          "private": "bnVsbA==",
          "dependencies": [
            "google_service_account.jenkins_sa"
          ]
        }
      ]
    },
    {
      "mode": "managed",
      "type": "google_project_iam_member",
      "name": "jenkins_storage_admin",
      "provider": "provider[\"registry.terraform.io/hashicorp/google\"]",
      "instances": [
        {
          "schema_version": 0,
          "attributes": {
            "condition": [],
            "etag": "BwY2gTJyk4Q=",
            "id": "avid-sunset-435316-a6/roles/storage.admin/serviceAccount:jenkins-sa@avid-sunset-435316-a6.iam.gserviceaccount.com",
            "member": "serviceAccount:jenkins-sa@avid-sunset-435316-a6.iam.gserviceaccount.com",
            "project": "avid-sunset-435316-a6",
            "role": "roles/storage.admin"
          },
          "sensitive_attributes": [],
          "identity_schema_version": 0,
          "private": "bnVsbA==",
          "dependencies": [
            "google_service_account.jenkins_sa"
          ]
        }
      ]
    },
    {
      "mode": "managed",
      "type": "google_project_service",
      "name": "apis",
      "provider": "provider[\"registry.terraform.io/hashicorp/google\"]",
      "instances": [
        {
          "index_key": "cloudbuild.googleapis.com",
          "schema_version": 0,
          "attributes": {
            "disable_dependent_services": true,
            "disable_on_destroy": true,
            "id": "avid-sunset-435316-a6/cloudbuild.googleapis.com",
            "project": "avid-sunset-435316-a6",
            "service": "cloudbuild.googleapis.com",
            "timeouts": null
          },
          "sensitive_attributes": [],
          "identity_schema_version": 0,
          "private": "eyJlMmJmYjczMC1lY2FhLTExZTYtOGY4OC0zNDM2M2JjN2M0YzAiOnsiY3JlYXRlIjoxMjAwMDAwMDAwMDAwLCJkZWxldGUiOjEyMDAwMDAwMDAwMDAsInJlYWQiOjYwMDAwMDAwMDAwMCwidXBkYXRlIjoxMjAwMDAwMDAwMDAwfX0="
        },
        {
          "index_key": "cloudresourcemanager.googleapis.com",
          "schema_version": 0,
          "attributes": {
            "disable_dependent_services": true,
            "disable_on_destroy": true,
            "id": "avid-sunset-435316-a6/cloudresourcemanager.googleapis.com",
            "project": "avid-sunset-435316-a6",
            "service": "cloudresourcemanager.googleapis.com",
            "timeouts": null
          },
          "sensitive_attributes": [],
          "identity_schema_version": 0,
          "private": "eyJlMmJmYjczMC1lY2FhLTExZTYtOGY4OC0zNDM2M2JjN2M0YzAiOnsiY3JlYXRlIjoxMjAwMDAwMDAwMDAwLCJkZWxldGUiOjEyMDAwMDAwMDAwMDAsInJlYWQiOjYwMDAwMDAwMDAwMCwidXBkYXRlIjoxMjAwMDAwMDAwMDAwfX0="
        },
        {
          "index_key": "compute.googleapis.com",
          "schema_version": 0,
          "attributes": {
            "disable_dependent_services": true,
            "disable_on_destroy": true,
            "id": "avid-sunset-435316-a6/compute.googleapis.com",
            "project": "avid-sunset-435316-a6",
            "service": "compute.googleapis.com",
            "timeouts": null
          },
          "sensitive_attributes": [],
          "identity_schema_version": 0,
          "private": "eyJlMmJmYjczMC1lY2FhLTExZTYtOGY4OC0zNDM2M2JjN2M0YzAiOnsiY3JlYXRlIjoxMjAwMDAwMDAwMDAwLCJkZWxldGUiOjEyMDAwMDAwMDAwMDAsInJlYWQiOjYwMDAwMDAwMDAwMCwidXBkYXRlIjoxMjAwMDAwMDAwMDAwfX0="
        },
        {
          "index_key": "container.googleapis.com",
          "schema_version": 0,
          "attributes": {
            "disable_dependent_services": true,
            "disable_on_destroy": true,
            "id": "avid-sunset-435316-a6/container.googleapis.com",
            "project": "avid-sunset-435316-a6",
            "service": "container.googleapis.com",
            "timeouts": null
          },
          "sensitive_attributes": [],
          "identity_schema_version": 0,
          "private": "eyJlMmJmYjczMC1lY2FhLTExZTYtOGY4OC0zNDM2M2JjN2M0YzAiOnsiY3JlYXRlIjoxMjAwMDAwMDAwMDAwLCJkZWxldGUiOjEyMDAwMDAwMDAwMDAsInJlYWQiOjYwMDAwMDAwMDAwMCwidXBkYXRlIjoxMjAwMDAwMDAwMDAwfX0="
        },
        {
          "index_key": "servicenetworking.googleapis.com",
          "schema_version": 0,
          "attributes": {
            "disable_dependent_services": true,
            "disable_on_destroy": true,
            "id": "avid-sunset-435316-a6/servicenetworking.googleapis.com",
            "project": "avid-sunset-435316-a6",
            "service": "servicenetworking.googleapis.com",
            "timeouts": null
          },
          "sensitive_attributes": [],
          "identity_schema_version": 0,
          "private": "eyJlMmJmYjczMC1lY2FhLTExZTYtOGY4OC0zNDM2M2JjN2M0YzAiOnsiY3JlYXRlIjoxMjAwMDAwMDAwMDAwLCJkZWxldGUiOjEyMDAwMDAwMDAwMDAsInJlYWQiOjYwMDAwMDAwMDAwMCwidXBkYXRlIjoxMjAwMDAwMDAwMDAwfX0="
        },
        {
          "index_key": "sqladmin.googleapis.com",
          "schema_version": 0,
          "attributes": {
            "disable_dependent_services": true,
            "disable_on_destroy": true,
            "id": "avid-sunset-435316-a6/sqladmin.googleapis.com",
            "project": "avid-sunset-435316-a6",
            "service": "sqladmin.googleapis.com",
            "timeouts": null
          },
          "sensitive_attributes": [],
          "identity_schema_version": 0,
          "private": "eyJlMmJmYjczMC1lY2FhLTExZTYtOGY4OC0zNDM2M2JjN2M0YzAiOnsiY3JlYXRlIjoxMjAwMDAwMDAwMDAwLCJkZWxldGUiOjEyMDAwMDAwMDAwMDAsInJlYWQiOjYwMDAwMDAwMDAwMCwidXBkYXRlIjoxMjAwMDAwMDAwMDAwfX0="
        }
      ]
    },
    {
      "mode": "managed",
      "type": "google_service_account",
      "name": "jenkins_sa",
      "provider": "provider[\"registry.terraform.io/hashicorp/google\"]",
      "instances": [
        {
          "schema_version": 0,
          "attributes": {
            "account_id": "jenkins-sa",
            "description": "",
            "disabled": false,
            "display_name": "Jenkins Service Account",
            "email": "jenkins-sa@avid-sunset-435316-a6.iam.gserviceaccount.com",
            "id": "projects/avid-sunset-435316-a6/serviceAccounts/jenkins-sa@avid-sunset-435316-a6.iam.gserviceaccount.com",
            "member": "serviceAccount:jenkins-sa@avid-sunset-435316-a6.iam.gserviceaccount.com",
            "name": "projects/avid-sunset-435316-a6/serviceAccounts/jenkins-sa@avid-sunset-435316-a6.iam.gserviceaccount.com",
            "project": "avid-sunset-435316-a6",
            "timeouts": null,
            "unique_id": "100353506946958663417"
          },
          "sensitive_attributes": [],
          "identity_schema_version": 0,
          "private": "eyJlMmJmYjczMC1lY2FhLTExZTYtOGY4OC0zNDM2M2JjN2M0YzAiOnsiY3JlYXRlIjozMDAwMDAwMDAwMDB9fQ=="
        }
      ]
    },
    {
      "mode": "managed",
      "type": "google_service_networking_connection",
      "name": "private_vpc_connection",
      "provider": "provider[\"registry.terraform.io/hashicorp/google\"]",
      "instances": [
        {
          "schema_version": 0,
          "attributes": {
            "id": "projects%2Favid-sunset-435316-a6%2Fglobal%2Fnetworks%2Favid-sunset-435316-a6-vpc:servicenetworking.googleapis.com",
            "network": "projects/avid-sunset-435316-a6/global/networks/avid-sunset-435316-a6-vpc",
            "peering": "servicenetworking-googleapis-com",
            "reserved_peering_ranges": [
              "private-ip-address"
            ],
            "service": "servicenetworking.googleapis.com",
            "timeouts": null
          },
          "sensitive_attributes": [],
          "identity_schema_version": 0,
          "private": "eyJlMmJmYjczMC1lY2FhLTExZTYtOGY4OC0zNDM2M2JjN2M0YzAiOnsiY3JlYXRlIjo2MDAwMDAwMDAwMDAsImRlbGV0ZSI6NjAwMDAwMDAwMDAwLCJ1cGRhdGUiOjYwMDAwMDAwMDAwMH19",
          "dependencies": [
            "google_compute_global_address.private_ip_address",
            "google_compute_network.vpc",
            "google_project_service.apis"
          ]
        }
      ]
    },
    {
      "mode": "managed",
      "type": "google_sql_database",
      "name": "database",
      "provider": "provider[\"registry.terraform.io/hashicorp/google\"]",
      "instances": [
        {
          "schema_version": 0,
          "attributes": {
            "charset": "UTF8",
            "collation": "en_US.UTF8",
            "deletion_policy": "DELETE",
            "id": "projects/avid-sunset-435316-a6/instances/placement-cluster-db/databases/placement_db",
            "instance": "placement-cluster-db",
            "name": "placement_db",
            "project": "avid-sunset-435316-a6",
            "self_link": "https://sqladmin.googleapis.com/sql/v1beta4/projects/avid-sunset-435316-a6/instances/placement-cluster-db/databases/placement_db",
            "timeouts": null
          },
          "sensitive_attributes": [],
          "identity_schema_version": 0,
          "private": "eyJlMmJmYjczMC1lY2FhLTExZTYtOGY4OC0zNDM2M2JjN2M0YzAiOnsiY3JlYXRlIjoxMjAwMDAwMDAwMDAwLCJkZWxldGUiOjEyMDAwMDAwMDAwMDAsInVwZGF0ZSI6MTIwMDAwMDAwMDAwMH19",
          "dependencies": [
            "google_compute_global_address.private_ip_address",
            "google_compute_network.vpc",
            "google_project_service.apis",
            "google_service_networking_connection.private_vpc_connection",
            "google_sql_database_instance.main"
          ]
        }
      ]
    },
    {
      "mode": "managed",
      "type": "google_sql_database_instance",
      "name": "main",
      "provider": "provider[\"registry.terraform.io/hashicorp/google\"]",
      "instances": [
        {
          "schema_version": 0,
          "attributes": {
            "available_maintenance_versions": [],
            "clone": [],
            "connection_name": "avid-sunset-435316-a6:us-central1:placement-cluster-db",
            "database_version": "POSTGRES_14",
            "deletion_protection": false,
            "dns_name": "",
            "encryption_key_name": null,
            "first_ip_address": "10.77.0.4",
            "id": "placement-cluster-db",
            "instance_type": "CLOUD_SQL_INSTANCE",
            "ip_address": [
              {
                "ip_address": "10.77.0.4",
                "time_to_retire": "",
                "type": "PRIVATE"
              }
            ],
            "maintenance_version": "POSTGRES_14_18.R20250302.00_31",
            "master_instance_name": "",
            "name": "placement-cluster-db",
            "private_ip_address": "10.77.0.4",
            "project": "avid-sunset-435316-a6",
            "psc_service_attachment_link": "",
            "public_ip_address": "",
            "region": "us-central1",
            "replica_configuration": [],
            "restore_backup_context": [],
            "root_password": null,
            "self_link": "https://sqladmin.googleapis.com/sql/v1beta4/projects/avid-sunset-435316-a6/instances/placement-cluster-db",
            "server_ca_cert": [
              {
                "cert": "-----BEGIN CERTIFICATE-----\nMIIDfzCCAmegAwIBAgIBADANBgkqhkiG9w0BAQsFADB3MS0wKwYDVQQuEyRjY2M5\nYTg1YS1kNjBjLTRjYzAtYjhiZC1lNmRhNjUzZTFhN2YxIzAhBgNVBAMTGkdvb2ds\nZSBDbG91ZCBTUUwgU2VydmVyIENBMRQwEgYDVQQKEwtHb29nbGUsIEluYzELMAkG\nA1UEBhMCVVMwHhcNMjUwNjAxMTE1MDE4WhcNMzUwNTMwMTE1MTE4WjB3MS0wKwYD\nVQQuEyRjY2M5YTg1YS1kNjBjLTRjYzAtYjhiZC1lNmRhNjUzZTFhN2YxIzAhBgNV\nBAMTGkdvb2dsZSBDbG91ZCBTUUwgU2VydmVyIENBMRQwEgYDVQQKEwtHb29nbGUs\nIEluYzELMAkGA1UEBhMCVVMwggEiMA0GCSqGSIb3DQEBAQUAA4IBDwAwggEKAoIB\nAQDM0ZgYPdfnwRLGZDahpJSJyq/gzwOfa26CGrEdD+lsP8lwshlZympP76FkX95p\nTabVu4PnxPYYw9tLPPzao9pmhkKeN6JlfzUUB4uTyDFheCjmPKmf0R/AzADxSIOP\n367wTkpMZsRpP8HcQSmLs6C/atQRp51WehEAlNqNBI2TuTUtPjRL4nTyvlByqDwG\neQsk8Ojr1LRkHJG+bPWXulDrApRNuYuZVR6raeaBRJMPIuxzuRQCNbJ84mbCMHOo\ntPZIMVW5osX0gHV/PxWNC46dfCn6cWMmQapNh6E58BbgV5dZ0+y/dKFqfXLoziX/\n7iAZrw8uVabVhNTQ46+fMCGRAgMBAAGjFjAUMBIGA1UdEwEB/wQIMAYBAf8CAQAw\nDQYJKoZIhvcNAQELBQADggEBADXw3pQT5FQpqSM6mmWzpqx3LPcngbKwViBIg8AD\nvSptGU4w+YNL7b9tabnW+3zIqF5zrxEvp7jBpW5L54Fw18CZkSnIEY1uBxQcUl3n\neO/iT2mHND86TBls8uq4gxmNzNxsGstv16iYL6PmjFVRXk05Ui+SR74LtNUbZ1FM\nNIPXwu3DVirJcY2UQkgo4HrA75VJ9aazDLcGMK0K8wlLu3oPuKoqz6rqAP5GScwu\n7JQ31lThoLzPsUhZTua7x8NzCh131DED+vAojpMdSjkfdBmuMoDK0HiacvqdXg5h\nVEe6OBM6z5J0tra5Kya+eN4dQQYGT6VaHRTwPtYvQYL7kvk=\n-----END CERTIFICATE-----",
                "common_name": "C=US,O=Google\\, Inc,CN=Google Cloud SQL Server CA,dnQualifier=ccc9a85a-d60c-4cc0-b8bd-e6da653e1a7f",
                "create_time": "2025-06-01T11:50:18.067Z",
                "expiration_time": "2035-05-30T11:51:18.067Z",
                "sha1_fingerprint": "2577b2bf2809654758bbc3dab586e0e33959e437"
              }
            ],
            "service_account_email_address": "p673257157317-oxkdlc@gcp-sa-cloud-sql.iam.gserviceaccount.com",
            "settings": [
              {
                "activation_policy": "ALWAYS",
                "active_directory_config": [],
                "advanced_machine_features": [],
                "availability_type": "ZONAL",
                "backup_configuration": [
                  {
                    "backup_retention_settings": [
                      {
                        "retained_backups": 7,
                        "retention_unit": "COUNT"
                      }
                    ],
                    "binary_log_enabled": false,
                    "enabled": false,
                    "location": "",
                    "point_in_time_recovery_enabled": false,
                    "start_time": "15:00",
                    "transaction_log_retention_days": 7
                  }
                ],
                "collation": "",
                "connector_enforcement": "NOT_REQUIRED",
                "data_cache_config": [],
                "database_flags": [],
                "deletion_protection_enabled": false,
                "deny_maintenance_period": [],
                "disk_autoresize": true,
                "disk_autoresize_limit": 0,
                "disk_size": 10,
                "disk_type": "PD_SSD",
                "edition": "",
                "insights_config": [],
                "ip_configuration": [
                  {
                    "allocated_ip_range": "",
                    "authorized_networks": [],
                    "enable_private_path_for_google_cloud_services": true,
                    "ipv4_enabled": false,
                    "private_network": "projects/avid-sunset-435316-a6/global/networks/avid-sunset-435316-a6-vpc",
                    "psc_config": [],
                    "require_ssl": false
                  }
                ],
                "location_preference": [
                  {
                    "follow_gae_application": "",
                    "secondary_zone": "",
                    "zone": "us-central1-c"
                  }
                ],
                "maintenance_window": [],
                "password_validation_policy": [],
                "pricing_plan": "PER_USE",
                "sql_server_audit_config": [],
                "tier": "db-f1-micro",
                "time_zone": "",
                "user_labels": {},
                "version": 2
              }
            ],
            "timeouts": null
          },
          "sensitive_attributes": [
            [
              {
                "type": "get_attr",
                "value": "root_password"
              }
            ]
          ],
          "identity_schema_version": 0,
          "private": "eyJlMmJmYjczMC1lY2FhLTExZTYtOGY4OC0zNDM2M2JjN2M0YzAiOnsiY3JlYXRlIjoyNDAwMDAwMDAwMDAwLCJkZWxldGUiOjE4MDAwMDAwMDAwMDAsInVwZGF0ZSI6MTgwMDAwMDAwMDAwMH19",
          "dependencies": [
            "google_compute_global_address.private_ip_address",
            "google_compute_network.vpc",
            "google_project_service.apis",
            "google_service_networking_connection.private_vpc_connection"
          ]
        }
      ]
    },
    {
      "mode": "managed",
      "type": "google_sql_database_instance",
      "name": "mongodb",
      "provider": "provider[\"registry.terraform.io/hashicorp/google\"]",
      "instances": [
        {
          "schema_version": 0,
          "attributes": {
            "available_maintenance_versions": [],
            "clone": [],
            "connection_name": "avid-sunset-435316-a6:us-central1:placement-mongodb",
            "database_version": "POSTGRES_14",
            "deletion_protection": false,
            "dns_name": "",
            "encryption_key_name": null,
            "first_ip_address": "10.77.0.5",
            "id": "placement-mongodb",
            "instance_type": "CLOUD_SQL_INSTANCE",
            "ip_address": [
              {
                "ip_address": "10.77.0.5",
                "time_to_retire": "",
                "type": "PRIVATE"
              }
            ],
            "maintenance_version": "POSTGRES_14_18.R20250302.00_31",
            "master_instance_name": "",
            "name": "placement-mongodb",
            "private_ip_address": "10.77.0.5",
            "project": "avid-sunset-435316-a6",
            "psc_service_attachment_link": "",
            "public_ip_address": "",
            "region": "us-central1",
            "replica_configuration": [],
            "restore_backup_context": [],
            "root_password": null,
            "self_link": "https://sqladmin.googleapis.com/sql/v1beta4/projects/avid-sunset-435316-a6/instances/placement-mongodb",
            "server_ca_cert": [
              {
                "cert": "-----BEGIN CERTIFICATE-----\nMIIDfzCCAmegAwIBAgIBADANBgkqhkiG9w0BAQsFADB3MS0wKwYDVQQuEyRmNmYx\nZGEzZC1iOGQyLTQxM2YtYmQ3OS05ODNhMTYzOGFkMzkxIzAhBgNVBAMTGkdvb2ds\nZSBDbG91ZCBTUUwgU2VydmVyIENBMRQwEgYDVQQKEwtHb29nbGUsIEluYzELMAkG\nA1UEBhMCVVMwHhcNMjUwNjAxMTE1MDIwWhcNMzUwNTMwMTE1MTIwWjB3MS0wKwYD\nVQQuEyRmNmYxZGEzZC1iOGQyLTQxM2YtYmQ3OS05ODNhMTYzOGFkMzkxIzAhBgNV\nBAMTGkdvb2dsZSBDbG91ZCBTUUwgU2VydmVyIENBMRQwEgYDVQQKEwtHb29nbGUs\nIEluYzELMAkGA1UEBhMCVVMwggEiMA0GCSqGSIb3DQEBAQUAA4IBDwAwggEKAoIB\nAQCpWk6+3ORxEGVYab6T84r+82ta5bcXhheEccpcn95CeTtrD1vpqU1o/KcQ3ff7\nBVWwrQQi4+Or95X2MY6IU573MwuUX4HSQBuTkBi+uxnztNObmCE36ksTgSd0lc40\nR3RdJPi5uROR6+8/bSNPI3S6GrqcVdn8om7WifBi5kkFjOMZ+NybFfSFvto6ch+0\nkCkVO5Knmna2n9W0MgSmG70LUkLP5XqqzVYydcQWptGm1X4GmCITgFxRtDqLeu36\nOVszbhx3FHm+Mnt8ZO3yyZC3MthgypfaQK1JnrUUgyQ4l0lTgBHQsccwtOokUS1x\nvAXh+NqEyhelfzw9l3AzXhILAgMBAAGjFjAUMBIGA1UdEwEB/wQIMAYBAf8CAQAw\nDQYJKoZIhvcNAQELBQADggEBAIKXChEhs+cu58ONQB3auU9aKuVtmgpC6nR0lLgs\ngUigU0sx5eIybYxIFnsqW2Z+XCET+wXHuG3chUBvkw7ITqulfgdnCzXe4QtiTKSM\neaeOYTfFqqr9ilNFNaSIVe2ID7jpWJ4Ks45ZetxWmwUCybh/zYT57UI0Tkdsp+/+\nSzAochYFY5JX57HA2eXBcW9UrKHYU0o0idKTb7f9yZvGDzgdoiFs0WeR16rTgjjT\njKGwrL+RDq8IJqcmGkDh5p0bXua//0punc7mY42I3DTpazKYZSHKREY+R1WR5T6L\n+3raCdaha8hSXiEgTfRSx/IScZdOS05c1SMBspySywBK/Sk=\n-----END CERTIFICATE-----",
                "common_name": "C=US,O=Google\\, Inc,CN=Google Cloud SQL Server CA,dnQualifier=f6f1da3d-b8d2-413f-bd79-983a1638ad39",
                "create_time": "2025-06-01T11:50:20.062Z",
                "expiration_time": "2035-05-30T11:51:20.062Z",
                "sha1_fingerprint": "dee4954abde340a6a8879eefd36d01743d6c4283"
              }
            ],
            "service_account_email_address": "p673257157317-17zehh@gcp-sa-cloud-sql.iam.gserviceaccount.com",
            "settings": [
              {
                "activation_policy": "ALWAYS",
                "active_directory_config": [],
                "advanced_machine_features": [],
                "availability_type": "ZONAL",
                "backup_configuration": [
                  {
                    "backup_retention_settings": [
                      {
                        "retained_backups": 7,
                        "retention_unit": "COUNT"
                      }
                    ],
                    "binary_log_enabled": false,
                    "enabled": true,
                    "location": "",
                    "point_in_time_recovery_enabled": false,
                    "start_time": "00:00",
                    "transaction_log_retention_days": 7
                  }
                ],
                "collation": "",
                "connector_enforcement": "NOT_REQUIRED",
                "data_cache_config": [],
                "database_flags": [],
                "deletion_protection_enabled": false,
                "deny_maintenance_period": [],
                "disk_autoresize": true,
                "disk_autoresize_limit": 0,
                "disk_size": 10,
                "disk_type": "PD_SSD",
                "edition": "",
                "insights_config": [],
                "ip_configuration": [
                  {
                    "allocated_ip_range": "",
                    "authorized_networks": [],
                    "enable_private_path_for_google_cloud_services": true,
                    "ipv4_enabled": false,
                    "private_network": "projects/avid-sunset-435316-a6/global/networks/avid-sunset-435316-a6-vpc",
                    "psc_config": [],
                    "require_ssl": false
                  }
                ],
                "location_preference": [
                  {
                    "follow_gae_application": "",
                    "secondary_zone": "",
                    "zone": "us-central1-c"
                  }
                ],
                "maintenance_window": [],
                "password_validation_policy": [],
                "pricing_plan": "PER_USE",
                "sql_server_audit_config": [],
                "tier": "db-f1-micro",
                "time_zone": "",
                "user_labels": {},
                "version": 1
              }
            ],
            "timeouts": null
          },
          "sensitive_attributes": [
            [
              {
                "type": "get_attr",
                "value": "root_password"
              }
            ]
          ],
          "identity_schema_version": 0,
          "private": "eyJlMmJmYjczMC1lY2FhLTExZTYtOGY4OC0zNDM2M2JjN2M0YzAiOnsiY3JlYXRlIjoyNDAwMDAwMDAwMDAwLCJkZWxldGUiOjE4MDAwMDAwMDAwMDAsInVwZGF0ZSI6MTgwMDAwMDAwMDAwMH19",
          "dependencies": [
            "google_compute_global_address.private_ip_address",
            "google_compute_network.vpc",
            "google_project_service.apis",
            "google_service_networking_connection.private_vpc_connection"
          ]
        }
      ]
    },
    {
      "mode": "managed",
      "type": "google_sql_user",
      "name": "user",
      "provider": "provider[\"registry.terraform.io/hashicorp/google\"]",
      "instances": [
        {
          "schema_version": 1,
          "attributes": {
            "deletion_policy": null,
            "host": "",
            "id": "placement//placement-cluster-db",
            "instance": "placement-cluster-db",
            "name": "placement",
            "password": "admin",
            "password_policy": [],
            "project": "avid-sunset-435316-a6",
            "sql_server_user_details": [],
            "timeouts": null,
            "type": ""
          },
          "sensitive_attributes": [
            [
              {
                "type": "get_attr",
                "value": "password"
              }
            ]
          ],
          "identity_schema_version": 0,
          "private": "eyJlMmJmYjczMC1lY2FhLTExZTYtOGY4OC0zNDM2M2JjN2M0YzAiOnsiY3JlYXRlIjo2MDAwMDAwMDAwMDAsImRlbGV0ZSI6NjAwMDAwMDAwMDAwLCJ1cGRhdGUiOjYwMDAwMDAwMDAwMH0sInNjaGVtYV92ZXJzaW9uIjoiMSJ9",
          "dependencies": [
            "google_compute_global_address.private_ip_address",
            "google_compute_network.vpc",
            "google_project_service.apis",
            "google_service_networking_connection.private_vpc_connection",
            "google_sql_database_instance.main"
          ]
        }
      ]
    },
    {
      "mode": "managed",
      "type": "google_storage_bucket",
      "name": "artifacts",
      "provider": "provider[\"registry.terraform.io/hashicorp/google\"]",
      "instances": [
        {
          "schema_version": 0,
          "attributes": {
            "autoclass": [],
            "cors": [],
            "custom_placement_config": [],
            "default_event_based_hold": false,
            "encryption": [],
            "force_destroy": false,
            "id": "avid-sunset-435316-a6-placement-cluster-artifacts",
            "labels": {},
            "lifecycle_rule": [],
            "location": "US-CENTRAL1",
            "logging": [],
            "name": "avid-sunset-435316-a6-placement-cluster-artifacts",
            "project": "avid-sunset-435316-a6",
            "public_access_prevention": "inherited",
            "requester_pays": false,
            "retention_policy": [],
            "self_link": "https://www.googleapis.com/storage/v1/b/avid-sunset-435316-a6-placement-cluster-artifacts",
            "soft_delete_policy": [
              {
                "effective_time": "2025-06-01T11:40:02.904Z",
                "retention_duration_seconds": 604800
              }
            ],
            "storage_class": "STANDARD",
            "timeouts": null,
            "uniform_bucket_level_access": true,
            "url": "gs://avid-sunset-435316-a6-placement-cluster-artifacts",
            "versioning": [
              {
                "enabled": true
              }
            ],
            "website": []
          },
          "sensitive_attributes": [],
          "identity_schema_version": 0,
          "private": "eyJlMmJmYjczMC1lY2FhLTExZTYtOGY4OC0zNDM2M2JjN2M0YzAiOnsiY3JlYXRlIjo2MDAwMDAwMDAwMDAsInJlYWQiOjI0MDAwMDAwMDAwMCwidXBkYXRlIjoyNDAwMDAwMDAwMDB9fQ=="
        }
      ]
    }
  ],
  "check_results": null
}
